
Microsoft Visual Studio Solution File, Format Version 12.00
# Visual Studio Version 17
VisualStudioVersion = 17.14.35906.104 d17.14
MinimumVisualStudioVersion = 10.0.40219.1
Project("{FAE04EC0-301F-11D3-BF4B-00C04F79EFBC}") = "davaleba20", "davaleba20\davaleba20.csproj", "{F4DB114A-5E66-4256-A5E8-CC54C5CAEC6C}"
EndProject
Global
	GlobalSection(SolutionConfigurationPlatforms) = preSolution
		Debug|Any CPU = Debug|Any CPU
		Release|Any CPU = Release|Any CPU
	EndGlobalSection
	GlobalSection(ProjectConfigurationPlatforms) = postSolution
		{F4DB114A-5E66-4256-A5E8-CC54C5CAEC6C}.Debug|Any CPU.ActiveCfg = Debug|Any CPU
		{F4DB114A-5E66-4256-A5E8-CC54C5CAEC6C}.Debug|Any CPU.Build.0 = Debug|Any CPU
		{F4DB114A-5E66-4256-A5E8-CC54C5CAEC6C}.Release|Any CPU.ActiveCfg = Release|Any CPU
		{F4DB114A-5E66-4256-A5E8-CC54C5CAEC6C}.Release|Any CPU.Build.0 = Release|Any CPU
	EndGlobalSection
	GlobalSection(SolutionProperties) = preSolution
		HideSolutionNode = FALSE
	EndGlobalSection
	GlobalSection(ExtensibilityGlobals) = postSolution
		SolutionGuid = {9EBF1B7F-3F04-4714-A9DF-9B10AC812242}
	EndGlobalSection
EndGlobal
